// !$*UTF8*$!
{
	archiveVersion = 1;
	classes = {
	};
	objectVersion = 48;
	objects = {

/* Begin PBXBuildFile section */
		F29FAF0D20529D4A00D5B06A /* AppDelegate.swift in Sources */ = {isa = PBXBuildFile; fileRef = F29FAF0C20529D4A00D5B06A /* AppDelegate.swift */; };
		F29FAF0F20529D4A00D5B06A /* ViewController.swift in Sources */ = {isa = PBXBuildFile; fileRef = F29FAF0E20529D4A00D5B06A /* ViewController.swift */; };
		F29FAF1220529D4A00D5B06A /* Main.storyboard in Resources */ = {isa = PBXBuildFile; fileRef = F29FAF1020529D4A00D5B06A /* Main.storyboard */; };
		F29FAF1420529D4A00D5B06A /* Assets.xcassets in Resources */ = {isa = PBXBuildFile; fileRef = F29FAF1320529D4A00D5B06A /* Assets.xcassets */; };
		F29FAF1720529D4A00D5B06A /* LaunchScreen.storyboard in Resources */ = {isa = PBXBuildFile; fileRef = F29FAF1520529D4A00D5B06A /* LaunchScreen.storyboard */; };
		F29FAF1C20529D4A00D5B06A /* HapticFeedbackPoC WatchKit App.app in Embed Watch Content */ = {isa = PBXBuildFile; fileRef = F29FAF1B20529D4A00D5B06A /* HapticFeedbackPoC WatchKit App.app */; };
		F29FAF2220529D4A00D5B06A /* Interface.storyboard in Resources */ = {isa = PBXBuildFile; fileRef = F29FAF2020529D4A00D5B06A /* Interface.storyboard */; };
		F29FAF2420529D4A00D5B06A /* Assets.xcassets in Resources */ = {isa = PBXBuildFile; fileRef = F29FAF2320529D4A00D5B06A /* Assets.xcassets */; };
		F29FAF2B20529D4A00D5B06A /* HapticFeedbackPoC WatchKit Extension.appex in Embed App Extensions */ = {isa = PBXBuildFile; fileRef = F29FAF2A20529D4A00D5B06A /* HapticFeedbackPoC WatchKit Extension.appex */; settings = {ATTRIBUTES = (RemoveHeadersOnCopy, ); }; };
		F29FAF3020529D4A00D5B06A /* InterfaceController.swift in Sources */ = {isa = PBXBuildFile; fileRef = F29FAF2F20529D4A00D5B06A /* InterfaceController.swift */; };
		F29FAF3220529D4A00D5B06A /* ExtensionDelegate.swift in Sources */ = {isa = PBXBuildFile; fileRef = F29FAF3120529D4A00D5B06A /* ExtensionDelegate.swift */; };
		F29FAF3420529D4A00D5B06A /* Assets.xcassets in Resources */ = {isa = PBXBuildFile; fileRef = F29FAF3320529D4A00D5B06A /* Assets.xcassets */; };
/* End PBXBuildFile section */

/* Begin PBXContainerItemProxy section */
		F29FAF1D20529D4A00D5B06A /* PBXContainerItemProxy */ = {
			isa = PBXContainerItemProxy;
			containerPortal = F29FAF0120529D4A00D5B06A /* Project object */;
			proxyType = 1;
			remoteGlobalIDString = F29FAF1A20529D4A00D5B06A;
			remoteInfo = "HapticFeedbackPoC WatchKit App";
		};
		F29FAF2C20529D4A00D5B06A /* PBXContainerItemProxy */ = {
			isa = PBXContainerItemProxy;
			containerPortal = F29FAF0120529D4A00D5B06A /* Project object */;
			proxyType = 1;
			remoteGlobalIDString = F29FAF2920529D4A00D5B06A;
			remoteInfo = "HapticFeedbackPoC WatchKit Extension";
		};
/* End PBXContainerItemProxy section */

/* Begin PBXCopyFilesBuildPhase section */
		F29FAF3B20529D4A00D5B06A /* Embed App Extensions */ = {
			isa = PBXCopyFilesBuildPhase;
			buildActionMask = 2147483647;
			dstPath = "";
			dstSubfolderSpec = 13;
			files = (
				F29FAF2B20529D4A00D5B06A /* HapticFeedbackPoC WatchKit Extension.appex in Embed App Extensions */,
			);
			name = "Embed App Extensions";
			runOnlyForDeploymentPostprocessing = 0;
		};
		F29FAF3F20529D4A00D5B06A /* Embed Watch Content */ = {
			isa = PBXCopyFilesBuildPhase;
			buildActionMask = 2147483647;
			dstPath = "$(CONTENTS_FOLDER_PATH)/Watch";
			dstSubfolderSpec = 16;
			files = (
				F29FAF1C20529D4A00D5B06A /* HapticFeedbackPoC WatchKit App.app in Embed Watch Content */,
			);
			name = "Embed Watch Content";
			runOnlyForDeploymentPostprocessing = 0;
		};
/* End PBXCopyFilesBuildPhase section */

/* Begin PBXFileReference section */
		F29FAF0920529D4A00D5B06A /* HapticFeedbackPoC.app */ = {isa = PBXFileReference; explicitFileType = wrapper.application; includeInIndex = 0; path = HapticFeedbackPoC.app; sourceTree = BUILT_PRODUCTS_DIR; };
		F29FAF0C20529D4A00D5B06A /* AppDelegate.swift */ = {isa = PBXFileReference; lastKnownFileType = sourcecode.swift; path = AppDelegate.swift; sourceTree = "<group>"; };
		F29FAF0E20529D4A00D5B06A /* ViewController.swift */ = {isa = PBXFileReference; lastKnownFileType = sourcecode.swift; path = ViewController.swift; sourceTree = "<group>"; };
		F29FAF1120529D4A00D5B06A /* Base */ = {isa = PBXFileReference; lastKnownFileType = file.storyboard; name = Base; path = Base.lproj/Main.storyboard; sourceTree = "<group>"; };
		F29FAF1320529D4A00D5B06A /* Assets.xcassets */ = {isa = PBXFileReference; lastKnownFileType = folder.assetcatalog; path = Assets.xcassets; sourceTree = "<group>"; };
		F29FAF1620529D4A00D5B06A /* Base */ = {isa = PBXFileReference; lastKnownFileType = file.storyboard; name = Base; path = Base.lproj/LaunchScreen.storyboard; sourceTree = "<group>"; };
		F29FAF1820529D4A00D5B06A /* Info.plist */ = {isa = PBXFileReference; lastKnownFileType = text.plist.xml; path = Info.plist; sourceTree = "<group>"; };
		F29FAF1B20529D4A00D5B06A /* HapticFeedbackPoC WatchKit App.app */ = {isa = PBXFileReference; explicitFileType = wrapper.application; includeInIndex = 0; path = "HapticFeedbackPoC WatchKit App.app"; sourceTree = BUILT_PRODUCTS_DIR; };
		F29FAF2120529D4A00D5B06A /* Base */ = {isa = PBXFileReference; lastKnownFileType = file.storyboard; name = Base; path = Base.lproj/Interface.storyboard; sourceTree = "<group>"; };
		F29FAF2320529D4A00D5B06A /* Assets.xcassets */ = {isa = PBXFileReference; lastKnownFileType = folder.assetcatalog; path = Assets.xcassets; sourceTree = "<group>"; };
		F29FAF2520529D4A00D5B06A /* Info.plist */ = {isa = PBXFileReference; lastKnownFileType = text.plist.xml; path = Info.plist; sourceTree = "<group>"; };
		F29FAF2A20529D4A00D5B06A /* HapticFeedbackPoC WatchKit Extension.appex */ = {isa = PBXFileReference; explicitFileType = "wrapper.app-extension"; includeInIndex = 0; path = "HapticFeedbackPoC WatchKit Extension.appex"; sourceTree = BUILT_PRODUCTS_DIR; };
		F29FAF2F20529D4A00D5B06A /* InterfaceController.swift */ = {isa = PBXFileReference; lastKnownFileType = sourcecode.swift; path = InterfaceController.swift; sourceTree = "<group>"; };
		F29FAF3120529D4A00D5B06A /* ExtensionDelegate.swift */ = {isa = PBXFileReference; lastKnownFileType = sourcecode.swift; path = ExtensionDelegate.swift; sourceTree = "<group>"; };
		F29FAF3320529D4A00D5B06A /* Assets.xcassets */ = {isa = PBXFileReference; lastKnownFileType = folder.assetcatalog; path = Assets.xcassets; sourceTree = "<group>"; };
		F29FAF3520529D4A00D5B06A /* Info.plist */ = {isa = PBXFileReference; lastKnownFileType = text.plist.xml; path = Info.plist; sourceTree = "<group>"; };
/* End PBXFileReference section */

/* Begin PBXFrameworksBuildPhase section */
		F29FAF0620529D4A00D5B06A /* Frameworks */ = {
			isa = PBXFrameworksBuildPhase;
			buildActionMask = 2147483647;
			files = (
			);
			runOnlyForDeploymentPostprocessing = 0;
		};
		F29FAF2720529D4A00D5B06A /* Frameworks */ = {
			isa = PBXFrameworksBuildPhase;
			buildActionMask = 2147483647;
			files = (
			);
			runOnlyForDeploymentPostprocessing = 0;
		};
/* End PBXFrameworksBuildPhase section */

/* Begin PBXGroup section */
		F29FAF0020529D4A00D5B06A = {
			isa = PBXGroup;
			children = (
				F29FAF0B20529D4A00D5B06A /* HapticFeedbackPoC */,
				F29FAF1F20529D4A00D5B06A /* HapticFeedbackPoC WatchKit App */,
				F29FAF2E20529D4A00D5B06A /* HapticFeedbackPoC WatchKit Extension */,
				F29FAF0A20529D4A00D5B06A /* Products */,
			);
			sourceTree = "<group>";
		};
		F29FAF0A20529D4A00D5B06A /* Products */ = {
			isa = PBXGroup;
			children = (
				F29FAF0920529D4A00D5B06A /* HapticFeedbackPoC.app */,
				F29FAF1B20529D4A00D5B06A /* HapticFeedbackPoC WatchKit App.app */,
				F29FAF2A20529D4A00D5B06A /* HapticFeedbackPoC WatchKit Extension.appex */,
			);
			name = Products;
			sourceTree = "<group>";
		};
		F29FAF0B20529D4A00D5B06A /* HapticFeedbackPoC */ = {
			isa = PBXGroup;
			children = (
				F29FAF0C20529D4A00D5B06A /* AppDelegate.swift */,
				F29FAF0E20529D4A00D5B06A /* ViewController.swift */,
				F29FAF1020529D4A00D5B06A /* Main.storyboard */,
				F29FAF1320529D4A00D5B06A /* Assets.xcassets */,
				F29FAF1520529D4A00D5B06A /* LaunchScreen.storyboard */,
				F29FAF1820529D4A00D5B06A /* Info.plist */,
			);
			path = HapticFeedbackPoC;
			sourceTree = "<group>";
		};
		F29FAF1F20529D4A00D5B06A /* HapticFeedbackPoC WatchKit App */ = {
			isa = PBXGroup;
			children = (
				F29FAF2020529D4A00D5B06A /* Interface.storyboard */,
				F29FAF2320529D4A00D5B06A /* Assets.xcassets */,
				F29FAF2520529D4A00D5B06A /* Info.plist */,
			);
			path = "HapticFeedbackPoC WatchKit App";
			sourceTree = "<group>";
		};
		F29FAF2E20529D4A00D5B06A /* HapticFeedbackPoC WatchKit Extension */ = {
			isa = PBXGroup;
			children = (
				F29FAF3120529D4A00D5B06A /* ExtensionDelegate.swift */,
				F29FAF2F20529D4A00D5B06A /* InterfaceController.swift */,
				F29FAF3320529D4A00D5B06A /* Assets.xcassets */,
				F29FAF3520529D4A00D5B06A /* Info.plist */,
			);
			path = "HapticFeedbackPoC WatchKit Extension";
			sourceTree = "<group>";
		};
/* End PBXGroup section */

/* Begin PBXNativeTarget section */
		F29FAF0820529D4A00D5B06A /* HapticFeedbackPoC */ = {
			isa = PBXNativeTarget;
			buildConfigurationList = F29FAF4020529D4A00D5B06A /* Build configuration list for PBXNativeTarget "HapticFeedbackPoC" */;
			buildPhases = (
				F29FAF0520529D4A00D5B06A /* Sources */,
				F29FAF0620529D4A00D5B06A /* Frameworks */,
				F29FAF0720529D4A00D5B06A /* Resources */,
				F29FAF3F20529D4A00D5B06A /* Embed Watch Content */,
			);
			buildRules = (
			);
			dependencies = (
				F29FAF1E20529D4A00D5B06A /* PBXTargetDependency */,
			);
			name = HapticFeedbackPoC;
			productName = HapticFeedbackPoC;
			productReference = F29FAF0920529D4A00D5B06A /* HapticFeedbackPoC.app */;
			productType = "com.apple.product-type.application";
		};
		F29FAF1A20529D4A00D5B06A /* HapticFeedbackPoC WatchKit App */ = {
			isa = PBXNativeTarget;
			buildConfigurationList = F29FAF3C20529D4A00D5B06A /* Build configuration list for PBXNativeTarget "HapticFeedbackPoC WatchKit App" */;
			buildPhases = (
				F29FAF1920529D4A00D5B06A /* Resources */,
				F29FAF3B20529D4A00D5B06A /* Embed App Extensions */,
			);
			buildRules = (
			);
			dependencies = (
				F29FAF2D20529D4A00D5B06A /* PBXTargetDependency */,
			);
			name = "HapticFeedbackPoC WatchKit App";
			productName = "HapticFeedbackPoC WatchKit App";
			productReference = F29FAF1B20529D4A00D5B06A /* HapticFeedbackPoC WatchKit App.app */;
			productType = "com.apple.product-type.application.watchapp2";
		};
		F29FAF2920529D4A00D5B06A /* HapticFeedbackPoC WatchKit Extension */ = {
			isa = PBXNativeTarget;
			buildConfigurationList = F29FAF3820529D4A00D5B06A /* Build configuration list for PBXNativeTarget "HapticFeedbackPoC WatchKit Extension" */;
			buildPhases = (
				F29FAF2620529D4A00D5B06A /* Sources */,
				F29FAF2720529D4A00D5B06A /* Frameworks */,
				F29FAF2820529D4A00D5B06A /* Resources */,
			);
			buildRules = (
			);
			dependencies = (
			);
			name = "HapticFeedbackPoC WatchKit Extension";
			productName = "HapticFeedbackPoC WatchKit Extension";
			productReference = F29FAF2A20529D4A00D5B06A /* HapticFeedbackPoC WatchKit Extension.appex */;
			productType = "com.apple.product-type.watchkit2-extension";
		};
/* End PBXNativeTarget section */

/* Begin PBXProject section */
		F29FAF0120529D4A00D5B06A /* Project object */ = {
			isa = PBXProject;
			attributes = {
				LastSwiftUpdateCheck = 0920;
				LastUpgradeCheck = 0920;
				ORGANIZATIONNAME = svmLogics;
				TargetAttributes = {
					F29FAF0820529D4A00D5B06A = {
						CreatedOnToolsVersion = 9.2;
						ProvisioningStyle = Automatic;
					};
					F29FAF1A20529D4A00D5B06A = {
						CreatedOnToolsVersion = 9.2;
						ProvisioningStyle = Automatic;
					};
					F29FAF2920529D4A00D5B06A = {
						CreatedOnToolsVersion = 9.2;
						ProvisioningStyle = Automatic;
					};
				};
			};
			buildConfigurationList = F29FAF0420529D4A00D5B06A /* Build configuration list for PBXProject "HapticFeedbackPoC" */;
			compatibilityVersion = "Xcode 8.0";
			developmentRegion = en;
			hasScannedForEncodings = 0;
			knownRegions = (
				en,
				Base,
			);
			mainGroup = F29FAF0020529D4A00D5B06A;
			productRefGroup = F29FAF0A20529D4A00D5B06A /* Products */;
			projectDirPath = "";
			projectRoot = "";
			targets = (
				F29FAF0820529D4A00D5B06A /* HapticFeedbackPoC */,
				F29FAF1A20529D4A00D5B06A /* HapticFeedbackPoC WatchKit App */,
				F29FAF2920529D4A00D5B06A /* HapticFeedbackPoC WatchKit Extension */,
			);
		};
/* End PBXProject section */

/* Begin PBXResourcesBuildPhase section */
		F29FAF0720529D4A00D5B06A /* Resources */ = {
			isa = PBXResourcesBuildPhase;
			buildActionMask = 2147483647;
			files = (
				F29FAF1720529D4A00D5B06A /* LaunchScreen.storyboard in Resources */,
				F29FAF1420529D4A00D5B06A /* Assets.xcassets in Resources */,
				F29FAF1220529D4A00D5B06A /* Main.storyboard in Resources */,
			);
			runOnlyForDeploymentPostprocessing = 0;
		};
		F29FAF1920529D4A00D5B06A /* Resources */ = {
			isa = PBXResourcesBuildPhase;
			buildActionMask = 2147483647;
			files = (
				F29FAF2420529D4A00D5B06A /* Assets.xcassets in Resources */,
				F29FAF2220529D4A00D5B06A /* Interface.storyboard in Resources */,
			);
			runOnlyForDeploymentPostprocessing = 0;
		};
		F29FAF2820529D4A00D5B06A /* Resources */ = {
			isa = PBXResourcesBuildPhase;
			buildActionMask = 2147483647;
			files = (
				F29FAF3420529D4A00D5B06A /* Assets.xcassets in Resources */,
			);
			runOnlyForDeploymentPostprocessing = 0;
		};
/* End PBXResourcesBuildPhase section */

/* Begin PBXSourcesBuildPhase section */
		F29FAF0520529D4A00D5B06A /* Sources */ = {
			isa = PBXSourcesBuildPhase;
			buildActionMask = 2147483647;
			files = (
				F29FAF0F20529D4A00D5B06A /* ViewController.swift in Sources */,
				F29FAF0D20529D4A00D5B06A /* AppDelegate.swift in Sources */,
			);
			runOnlyForDeploymentPostprocessing = 0;
		};
		F29FAF2620529D4A00D5B06A /* Sources */ = {
			isa = PBXSourcesBuildPhase;
			buildActionMask = 2147483647;
			files = (
				F29FAF3220529D4A00D5B06A /* ExtensionDelegate.swift in Sources */,
				F29FAF3020529D4A00D5B06A /* InterfaceController.swift in Sources */,
			);
			runOnlyForDeploymentPostprocessing = 0;
		};
/* End PBXSourcesBuildPhase section */

/* Begin PBXTargetDependency section */
		F29FAF1E20529D4A00D5B06A /* PBXTargetDependency */ = {
			isa = PBXTargetDependency;
			target = F29FAF1A20529D4A00D5B06A /* HapticFeedbackPoC WatchKit App */;
			targetProxy = F29FAF1D20529D4A00D5B06A /* PBXContainerItemProxy */;
		};
		F29FAF2D20529D4A00D5B06A /* PBXTargetDependency */ = {
			isa = PBXTargetDependency;
			target = F29FAF2920529D4A00D5B06A /* HapticFeedbackPoC WatchKit Extension */;
			targetProxy = F29FAF2C20529D4A00D5B06A /* PBXContainerItemProxy */;
		};
/* End PBXTargetDependency section */

/* Begin PBXVariantGroup section */
		F29FAF1020529D4A00D5B06A /* Main.storyboard */ = {
			isa = PBXVariantGroup;
			children = (
				F29FAF1120529D4A00D5B06A /* Base */,
			);
			name = Main.storyboard;
			sourceTree = "<group>";
		};
		F29FAF1520529D4A00D5B06A /* LaunchScreen.storyboard */ = {
			isa = PBXVariantGroup;
			children = (
				F29FAF1620529D4A00D5B06A /* Base */,
			);
			name = LaunchScreen.storyboard;
			sourceTree = "<group>";
		};
		F29FAF2020529D4A00D5B06A /* Interface.storyboard */ = {
			isa = PBXVariantGroup;
			children = (
				F29FAF2120529D4A00D5B06A /* Base */,
			);
			name = Interface.storyboard;
			sourceTree = "<group>";
		};
/* End PBXVariantGroup section */

/* Begin XCBuildConfiguration section */
		F29FAF3620529D4A00D5B06A /* Debug */ = {
			isa = XCBuildConfiguration;
			buildSettings = {
				ALWAYS_SEARCH_USER_PATHS = NO;
				CLANG_ANALYZER_NONNULL = YES;
				CLANG_ANALYZER_NUMBER_OBJECT_CONVERSION = YES_AGGRESSIVE;
				CLANG_CXX_LANGUAGE_STANDARD = "gnu++14";
				CLANG_CXX_LIBRARY = "libc++";
				CLANG_ENABLE_MODULES = YES;
				CLANG_ENABLE_OBJC_ARC = YES;
				CLANG_WARN_BLOCK_CAPTURE_AUTORELEASING = YES;
				CLANG_WARN_BOOL_CONVERSION = YES;
				CLANG_WARN_COMMA = YES;
				CLANG_WARN_CONSTANT_CONVERSION = YES;
				CLANG_WARN_DIRECT_OBJC_ISA_USAGE = YES_ERROR;
				CLANG_WARN_DOCUMENTATION_COMMENTS = YES;
				CLANG_WARN_EMPTY_BODY = YES;
				CLANG_WARN_ENUM_CONVERSION = YES;
				CLANG_WARN_INFINITE_RECURSION = YES;
				CLANG_WARN_INT_CONVERSION = YES;
				CLANG_WARN_NON_LITERAL_NULL_CONVERSION = YES;
				CLANG_WARN_OBJC_LITERAL_CONVERSION = YES;
				CLANG_WARN_OBJC_ROOT_CLASS = YES_ERROR;
				CLANG_WARN_RANGE_LOOP_ANALYSIS = YES;
				CLANG_WARN_STRICT_PROTOTYPES = YES;
				CLANG_WARN_SUSPICIOUS_MOVE = YES;
				CLANG_WARN_UNGUARDED_AVAILABILITY = YES_AGGRESSIVE;
				CLANG_WARN_UNREACHABLE_CODE = YES;
				CLANG_WARN__DUPLICATE_METHOD_MATCH = YES;
				CODE_SIGN_IDENTITY = "iPhone Developer";
				COPY_PHASE_STRIP = NO;
				DEBUG_INFORMATION_FORMAT = dwarf;
				ENABLE_STRICT_OBJC_MSGSEND = YES;
				ENABLE_TESTABILITY = YES;
				GCC_C_LANGUAGE_STANDARD = gnu11;
				GCC_DYNAMIC_NO_PIC = NO;
				GCC_NO_COMMON_BLOCKS = YES;
				GCC_OPTIMIZATION_LEVEL = 0;
				GCC_PREPROCESSOR_DEFINITIONS = (
					"DEBUG=1",
					"$(inherited)",
				);
				GCC_WARN_64_TO_32_BIT_CONVERSION = YES;
				GCC_WARN_ABOUT_RETURN_TYPE = YES_ERROR;
				GCC_WARN_UNDECLARED_SELECTOR = YES;
				GCC_WARN_UNINITIALIZED_AUTOS = YES_AGGRESSIVE;
				GCC_WARN_UNUSED_FUNCTION = YES;
				GCC_WARN_UNUSED_VARIABLE = YES;
				IPHONEOS_DEPLOYMENT_TARGET = 11.2;
				MTL_ENABLE_DEBUG_INFO = YES;
				ONLY_ACTIVE_ARCH = YES;
				SDKROOT = iphoneos;
				SWIFT_ACTIVE_COMPILATION_CONDITIONS = DEBUG;
				SWIFT_OPTIMIZATION_LEVEL = "-Onone";
			};
			name = Debug;
		};
		F29FAF3720529D4A00D5B06A /* Release */ = {
			isa = XCBuildConfiguration;
			buildSettings = {
				ALWAYS_SEARCH_USER_PATHS = NO;
				CLANG_ANALYZER_NONNULL = YES;
				CLANG_ANALYZER_NUMBER_OBJECT_CONVERSION = YES_AGGRESSIVE;
				CLANG_CXX_LANGUAGE_STANDARD = "gnu++14";
				CLANG_CXX_LIBRARY = "libc++";
				CLANG_ENABLE_MODULES = YES;
				CLANG_ENABLE_OBJC_ARC = YES;
				CLANG_WARN_BLOCK_CAPTURE_AUTORELEASING = YES;
				CLANG_WARN_BOOL_CONVERSION = YES;
				CLANG_WARN_COMMA = YES;
				CLANG_WARN_CONSTANT_CONVERSION = YES;
				CLANG_WARN_DIRECT_OBJC_ISA_USAGE = YES_ERROR;
				CLANG_WARN_DOCUMENTATION_COMMENTS = YES;
				CLANG_WARN_EMPTY_BODY = YES;
				CLANG_WARN_ENUM_CONVERSION = YES;
				CLANG_WARN_INFINITE_RECURSION = YES;
				CLANG_WARN_INT_CONVERSION = YES;
				CLANG_WARN_NON_LITERAL_NULL_CONVERSION = YES;
				CLANG_WARN_OBJC_LITERAL_CONVERSION = YES;
				CLANG_WARN_OBJC_ROOT_CLASS = YES_ERROR;
				CLANG_WARN_RANGE_LOOP_ANALYSIS = YES;
				CLANG_WARN_STRICT_PROTOTYPES = YES;
				CLANG_WARN_SUSPICIOUS_MOVE = YES;
				CLANG_WARN_UNGUARDED_AVAILABILITY = YES_AGGRESSIVE;
				CLANG_WARN_UNREACHABLE_CODE = YES;
				CLANG_WARN__DUPLICATE_METHOD_MATCH = YES;
				CODE_SIGN_IDENTITY = "iPhone Developer";
				COPY_PHASE_STRIP = NO;
				DEBUG_INFORMATION_FORMAT = "dwarf-with-dsym";
				ENABLE_NS_ASSERTIONS = NO;
				ENABLE_STRICT_OBJC_MSGSEND = YES;
				GCC_C_LANGUAGE_STANDARD = gnu11;
				GCC_NO_COMMON_BLOCKS = YES;
				GCC_WARN_64_TO_32_BIT_CONVERSION = YES;
				GCC_WARN_ABOUT_RETURN_TYPE = YES_ERROR;
				GCC_WARN_UNDECLARED_SELECTOR = YES;
				GCC_WARN_UNINITIALIZED_AUTOS = YES_AGGRESSIVE;
				GCC_WARN_UNUSED_FUNCTION = YES;
				GCC_WARN_UNUSED_VARIABLE = YES;
				IPHONEOS_DEPLOYMENT_TARGET = 11.2;
				MTL_ENABLE_DEBUG_INFO = NO;
				SDKROOT = iphoneos;
				SWIFT_OPTIMIZATION_LEVEL = "-Owholemodule";
				VALIDATE_PRODUCT = YES;
			};
			name = Release;
		};
		F29FAF3920529D4A00D5B06A /* Debug */ = {
			isa = XCBuildConfiguration;
			buildSettings = {
				ASSETCATALOG_COMPILER_COMPLICATION_NAME = Complication;
				CODE_SIGN_STYLE = Automatic;
				INFOPLIST_FILE = "HapticFeedbackPoC WatchKit Extension/Info.plist";
				LD_RUNPATH_SEARCH_PATHS = "$(inherited) @executable_path/Frameworks @executable_path/../../Frameworks";
				PRODUCT_BUNDLE_IDENTIFIER = svmLogics.HapticFeedbackPoC.watchkitapp.watchkitextension;
				PRODUCT_NAME = "${TARGET_NAME}";
				SDKROOT = watchos;
				SKIP_INSTALL = YES;
				SWIFT_VERSION = 4.0;
				TARGETED_DEVICE_FAMILY = 4;
				WATCHOS_DEPLOYMENT_TARGET = 4.2;
			};
			name = Debug;
		};
		F29FAF3A20529D4A00D5B06A /* Release */ = {
			isa = XCBuildConfiguration;
			buildSettings = {
				ASSETCATALOG_COMPILER_COMPLICATION_NAME = Complication;
				CODE_SIGN_STYLE = Automatic;
				INFOPLIST_FILE = "HapticFeedbackPoC WatchKit Extension/Info.plist";
				LD_RUNPATH_SEARCH_PATHS = "$(inherited) @executable_path/Frameworks @executable_path/../../Frameworks";
				PRODUCT_BUNDLE_IDENTIFIER = svmLogics.HapticFeedbackPoC.watchkitapp.watchkitextension;
				PRODUCT_NAME = "${TARGET_NAME}";
				SDKROOT = watchos;
				SKIP_INSTALL = YES;
				SWIFT_VERSION = 4.0;
				TARGETED_DEVICE_FAMILY = 4;
				WATCHOS_DEPLOYMENT_TARGET = 4.2;
			};
			name = Release;
		};
		F29FAF3D20529D4A00D5B06A /* Debug */ = {
			isa = XCBuildConfiguration;
			buildSettings = {
				ALWAYS_EMBED_SWIFT_STANDARD_LIBRARIES = YES;
				ASSETCATALOG_COMPILER_APPICON_NAME = AppIcon;
				CODE_SIGN_STYLE = Automatic;
				IBSC_MODULE = HapticFeedbackPoC_WatchKit_Extension;
				INFOPLIST_FILE = "HapticFeedbackPoC WatchKit App/Info.plist";
				PRODUCT_BUNDLE_IDENTIFIER = svmLogics.HapticFeedbackPoC.watchkitapp;
				PRODUCT_NAME = "$(TARGET_NAME)";
				SDKROOT = watchos;
				SKIP_INSTALL = YES;
				SWIFT_VERSION = 4.0;
				TARGETED_DEVICE_FAMILY = 4;
				WATCHOS_DEPLOYMENT_TARGET = 4.2;
			};
			name = Debug;
		};
		F29FAF3E20529D4A00D5B06A /* Release */ = {
			isa = XCBuildConfiguration;
			buildSettings = {
				ALWAYS_EMBED_SWIFT_STANDARD_LIBRARIES = YES;
				ASSETCATALOG_COMPILER_APPICON_NAME = AppIcon;
				CODE_SIGN_STYLE = Automatic;
				IBSC_MODULE = HapticFeedbackPoC_WatchKit_Extension;
				INFOPLIST_FILE = "HapticFeedbackPoC WatchKit App/Info.plist";
				PRODUCT_BUNDLE_IDENTIFIER = svmLogics.HapticFeedbackPoC.watchkitapp;
				PRODUCT_NAME = "$(TARGET_NAME)";
				SDKROOT = watchos;
				SKIP_INSTALL = YES;
				SWIFT_VERSION = 4.0;
				TARGETED_DEVICE_FAMILY = 4;
				WATCHOS_DEPLOYMENT_TARGET = 4.2;
			};
			name = Release;
		};
		F29FAF4120529D4A00D5B06A /* Debug */ = {
			isa = XCBuildConfiguration;
			buildSettings = {
				ASSETCATALOG_COMPILER_APPICON_NAME = AppIcon;
				CODE_SIGN_STYLE = Automatic;
				INFOPLIST_FILE = HapticFeedbackPoC/Info.plist;
				LD_RUNPATH_SEARCH_PATHS = "$(inherited) @executable_path/Frameworks";
				PRODUCT_BUNDLE_IDENTIFIER = svmLogics.HapticFeedbackPoC;
				PRODUCT_NAME = "$(TARGET_NAME)";
				SWIFT_VERSION = 4.0;
				TARGETED_DEVICE_FAMILY = "1,2";
			};
			name = Debug;
		};
		F29FAF4220529D4A00D5B06A /* Release */ = {
			isa = XCBuildConfiguration;
			buildSettings = {
				ASSETCATALOG_COMPILER_APPICON_NAME = AppIcon;
				CODE_SIGN_STYLE = Automatic;
				INFOPLIST_FILE = HapticFeedbackPoC/Info.plist;
				LD_RUNPATH_SEARCH_PATHS = "$(inherited) @executable_path/Frameworks";
				PRODUCT_BUNDLE_IDENTIFIER = svmLogics.HapticFeedbackPoC;
				PRODUCT_NAME = "$(TARGET_NAME)";
				SWIFT_VERSION = 4.0;
				TARGETED_DEVICE_FAMILY = "1,2";
			};
			name = Release;
		};
/* End XCBuildConfiguration section */

/* Begin XCConfigurationList section */
		F29FAF0420529D4A00D5B06A /* Build configuration list for PBXProject "HapticFeedbackPoC" */ = {
			isa = XCConfigurationList;
			buildConfigurations = (
				F29FAF3620529D4A00D5B06A /* Debug */,
				F29FAF3720529D4A00D5B06A /* Release */,
			);
			defaultConfigurationIsVisible = 0;
			defaultConfigurationName = Release;
		};
		F29FAF3820529D4A00D5B06A /* Build configuration list for PBXNativeTarget "HapticFeedbackPoC WatchKit Extension" */ = {
			isa = XCConfigurationList;
			buildConfigurations = (
				F29FAF3920529D4A00D5B06A /* Debug */,
				F29FAF3A20529D4A00D5B06A /* Release */,
			);
			defaultConfigurationIsVisible = 0;
			defaultConfigurationName = Release;
		};
		F29FAF3C20529D4A00D5B06A /* Build configuration list for PBXNativeTarget "HapticFeedbackPoC WatchKit App" */ = {
			isa = XCConfigurationList;
			buildConfigurations = (
				F29FAF3D20529D4A00D5B06A /* Debug */,
				F29FAF3E20529D4A00D5B06A /* Release */,
			);
			defaultConfigurationIsVisible = 0;
			defaultConfigurationName = Release;
		};
		F29FAF4020529D4A00D5B06A /* Build configuration list for PBXNativeTarget "HapticFeedbackPoC" */ = {
			isa = XCConfigurationList;
			buildConfigurations = (
				F29FAF4120529D4A00D5B06A /* Debug */,
				F29FAF4220529D4A00D5B06A /* Release */,
			);
			defaultConfigurationIsVisible = 0;
			defaultConfigurationName = Release;
		};
/* End XCConfigurationList section */
	};
	rootObject = F29FAF0120529D4A00D5B06A /* Project object */;
}
